{
  "name": "i18n-codes-js",
  "version": "0.0.1",
  "lockfileVersion": 2,
  "requires": true,
  "packages": {
    "": {
      "version": "0.0.1",
      "license": "MIT",
      "dependencies": {
        "@types/node": "^16.0.1"
      }
    },
    "node_modules/@types/node": {
      "version": "16.0.1",
      "resolved": "https://registry.nlark.com/@types/node/download/@types/node-16.0.1.tgz?cache=0&sync_timestamp=1625675711917&other_urls=https%3A%2F%2Fregistry.nlark.com%2F%40types%2Fnode%2Fdownload%2F%40types%2Fnode-16.0.1.tgz",
      "integrity": "sha1-cM7f2iaveiygc/3Mm+sv/0qmk/g="
    }
  },
  "dependencies": {
    "@types/node": {
      "version": "16.0.1",
      "resolved": "https://registry.nlark.com/@types/node/download/@types/node-16.0.1.tgz?cache=0&sync_timestamp=1625675711917&other_urls=https%3A%2F%2Fregistry.nlark.com%2F%40types%2Fnode%2Fdownload%2F%40types%2Fnode-16.0.1.tgz",
      "integrity": "sha1-cM7f2iaveiygc/3Mm+sv/0qmk/g="
    }
  }
}
